
Microsoft Visual Studio Solution File, Format Version 12.00
# Visual Studio Version 17
VisualStudioVersion = 17.1.31903.286
MinimumVisualStudioVersion = 10.0.40219.1
Project("{FAE04EC0-301F-11D3-BF4B-00C04F79EFBC}") = "1-PrimeiroProjeto", "1-PrimeiroProjeto\1-PrimeiroProjeto.csproj", "{BBDA89BA-174D-45F7-9A93-1FB33F1A8904}"
EndProject
Global
	GlobalSection(SolutionConfigurationPlatforms) = preSolution
		Debug|Any CPU = Debug|Any CPU
		Release|Any CPU = Release|Any CPU
	EndGlobalSection
	GlobalSection(ProjectConfigurationPlatforms) = postSolution
		{BBDA89BA-174D-45F7-9A93-1FB33F1A8904}.Debug|Any CPU.ActiveCfg = Debug|Any CPU
		{BBDA89BA-174D-45F7-9A93-1FB33F1A8904}.Debug|Any CPU.Build.0 = Debug|Any CPU
		{BBDA89BA-174D-45F7-9A93-1FB33F1A8904}.Release|Any CPU.ActiveCfg = Release|Any CPU
		{BBDA89BA-174D-45F7-9A93-1FB33F1A8904}.Release|Any CPU.Build.0 = Release|Any CPU
	EndGlobalSection
	GlobalSection(SolutionProperties) = preSolution
		HideSolutionNode = FALSE
	EndGlobalSection
	GlobalSection(ExtensibilityGlobals) = postSolution
		SolutionGuid = {E42B8FEC-438B-4190-991B-48E7F6DB65F0}
	EndGlobalSection
EndGlobal
